{
  "name": "namnlös mapp",
  "lockfileVersion": 3,
  "requires": true,
  "packages": {
    "": {
      "dependencies": {
        "piper-wasm": "^0.1.4"
      }
    },
    "node_modules/piper-wasm": {
      "version": "0.1.4",
      "resolved": "https://registry.npmjs.org/piper-wasm/-/piper-wasm-0.1.4.tgz",
      "integrity": "sha512-mVPNVTCghiREZ3vxqMuKv/W3Og8gED9D0b5ZDFoyqfY5drN3oCVGm2QqrlzFgucOG36u+GM+uL1yulGGctBSMw==",
      "license": "MIT"
    }
  }
}
